// !$*UTF8*$!
{
	archiveVersion = 1;
	classes = {
	};
	objectVersion = 56;
	objects = {

/* Begin PBXBuildFile section */
		D3095FF62AD9B8AD0055FA9E /* NetworkingManagerTests.swift in Sources */ = {isa = PBXBuildFile; fileRef = D3095FF52AD9B8AC0055FA9E /* NetworkingManagerTests.swift */; };
		D3095FF82AD9B95C0055FA9E /* MockURLSessionProtocol.swift in Sources */ = {isa = PBXBuildFile; fileRef = D3095FF72AD9B95C0055FA9E /* MockURLSessionProtocol.swift */; };
		D3095FFA2AD9B9B70055FA9E /* SchoolListViewModelSuccessTests.swift in Sources */ = {isa = PBXBuildFile; fileRef = D3095FF92AD9B9B70055FA9E /* SchoolListViewModelSuccessTests.swift */; };
		D3095FFC2AD9BA180055FA9E /* NetworkingManagerSchoolResponseSuccessMock.swift in Sources */ = {isa = PBXBuildFile; fileRef = D3095FFB2AD9BA170055FA9E /* NetworkingManagerSchoolResponseSuccessMock.swift */; };
		D355C6602AD9A05B0023223B /* _0231013_dineshvenkatpatcharu_NYCSchoolsApp.swift in Sources */ = {isa = PBXBuildFile; fileRef = D355C65F2AD9A05B0023223B /* _0231013_dineshvenkatpatcharu_NYCSchoolsApp.swift */; };
		D355C6642AD9A0610023223B /* Assets.xcassets in Resources */ = {isa = PBXBuildFile; fileRef = D355C6632AD9A0610023223B /* Assets.xcassets */; };
		D355C6672AD9A0610023223B /* Preview Assets.xcassets in Resources */ = {isa = PBXBuildFile; fileRef = D355C6662AD9A0610023223B /* Preview Assets.xcassets */; };
		D355C6692AD9A0610023223B /* Persistence.swift in Sources */ = {isa = PBXBuildFile; fileRef = D355C6682AD9A0610023223B /* Persistence.swift */; };
		D355C66C2AD9A0610023223B /* _0231013_dineshvenkatpatcharu_NYCSchools.xcdatamodeld in Sources */ = {isa = PBXBuildFile; fileRef = D355C66A2AD9A0610023223B /* _0231013_dineshvenkatpatcharu_NYCSchools.xcdatamodeld */; };
		D355C6762AD9A0620023223B /* _0231013_dineshvenkatpatcharu_NYCSchoolsTests.swift in Sources */ = {isa = PBXBuildFile; fileRef = D355C6752AD9A0620023223B /* _0231013_dineshvenkatpatcharu_NYCSchoolsTests.swift */; };
		D355C6802AD9A0620023223B /* _0231013_dineshvenkatpatcharu_NYCSchoolsUITests.swift in Sources */ = {isa = PBXBuildFile; fileRef = D355C67F2AD9A0620023223B /* _0231013_dineshvenkatpatcharu_NYCSchoolsUITests.swift */; };
		D355C6822AD9A0620023223B /* _0231013_dineshvenkatpatcharu_NYCSchoolsUITestsLaunchTests.swift in Sources */ = {isa = PBXBuildFile; fileRef = D355C6812AD9A0620023223B /* _0231013_dineshvenkatpatcharu_NYCSchoolsUITestsLaunchTests.swift */; };
		D355C6932AD9A2DD0023223B /* SchoolListScreen.swift in Sources */ = {isa = PBXBuildFile; fileRef = D355C6922AD9A2DD0023223B /* SchoolListScreen.swift */; };
		D355C6952AD9A4050023223B /* SchoolListItem.swift in Sources */ = {isa = PBXBuildFile; fileRef = D355C6942AD9A4050023223B /* SchoolListItem.swift */; };
		D355C6982AD9A44C0023223B /* School.swift in Sources */ = {isa = PBXBuildFile; fileRef = D355C6972AD9A44C0023223B /* School.swift */; };
		D355C69A2AD9A4B80023223B /* SchoolDetailScreen.swift in Sources */ = {isa = PBXBuildFile; fileRef = D355C6992AD9A4B80023223B /* SchoolDetailScreen.swift */; };
		D355C69C2AD9A5550023223B /* VerticalLabeledContentStyle.swift in Sources */ = {isa = PBXBuildFile; fileRef = D355C69B2AD9A5550023223B /* VerticalLabeledContentStyle.swift */; };
		D355C69E2AD9A5980023223B /* Statistic.swift in Sources */ = {isa = PBXBuildFile; fileRef = D355C69D2AD9A5980023223B /* Statistic.swift */; };
		D355C6A02AD9A5E20023223B /* ScoreChart.swift in Sources */ = {isa = PBXBuildFile; fileRef = D355C69F2AD9A5E20023223B /* ScoreChart.swift */; };
		D355C6A22AD9A63A0023223B /* TestResults.swift in Sources */ = {isa = PBXBuildFile; fileRef = D355C6A12AD9A63A0023223B /* TestResults.swift */; };
		D355C6A42AD9A6A00023223B /* NetworkingManager.swift in Sources */ = {isa = PBXBuildFile; fileRef = D355C6A32AD9A6A00023223B /* NetworkingManager.swift */; };
		D355C6A62AD9A6E60023223B /* SchoolListViewModel.swift in Sources */ = {isa = PBXBuildFile; fileRef = D355C6A52AD9A6E60023223B /* SchoolListViewModel.swift */; };
		D355C6A82AD9A7550023223B /* Extensions.swift in Sources */ = {isa = PBXBuildFile; fileRef = D355C6A72AD9A7550023223B /* Extensions.swift */; };
		D355C6AA2AD9A7D30023223B /* School+SampleJSON.swift in Sources */ = {isa = PBXBuildFile; fileRef = D355C6A92AD9A7D30023223B /* School+SampleJSON.swift */; };
		D355C6B02AD9AD370023223B /* SchoolsStaticData.json in Resources */ = {isa = PBXBuildFile; fileRef = D355C6AE2AD9AD370023223B /* SchoolsStaticData.json */; };
		D355C6B12AD9AD370023223B /* ScoresStaticData.json in Resources */ = {isa = PBXBuildFile; fileRef = D355C6AF2AD9AD370023223B /* ScoresStaticData.json */; };
/* End PBXBuildFile section */

/* Begin PBXContainerItemProxy section */
		D355C6722AD9A0620023223B /* PBXContainerItemProxy */ = {
			isa = PBXContainerItemProxy;
			containerPortal = D355C6542AD9A05B0023223B /* Project object */;
			proxyType = 1;
			remoteGlobalIDString = D355C65B2AD9A05B0023223B;
			remoteInfo = "20231013-dineshvenkatpatcharu-NYCSchools";
		};
		D355C67C2AD9A0620023223B /* PBXContainerItemProxy */ = {
			isa = PBXContainerItemProxy;
			containerPortal = D355C6542AD9A05B0023223B /* Project object */;
			proxyType = 1;
			remoteGlobalIDString = D355C65B2AD9A05B0023223B;
			remoteInfo = "20231013-dineshvenkatpatcharu-NYCSchools";
		};
/* End PBXContainerItemProxy section */

/* Begin PBXFileReference section */
		D3095FF52AD9B8AC0055FA9E /* NetworkingManagerTests.swift */ = {isa = PBXFileReference; lastKnownFileType = sourcecode.swift; path = NetworkingManagerTests.swift; sourceTree = "<group>"; };
		D3095FF72AD9B95C0055FA9E /* MockURLSessionProtocol.swift */ = {isa = PBXFileReference; lastKnownFileType = sourcecode.swift; path = MockURLSessionProtocol.swift; sourceTree = "<group>"; };
		D3095FF92AD9B9B70055FA9E /* SchoolListViewModelSuccessTests.swift */ = {isa = PBXFileReference; lastKnownFileType = sourcecode.swift; path = SchoolListViewModelSuccessTests.swift; sourceTree = "<group>"; };
		D3095FFB2AD9BA170055FA9E /* NetworkingManagerSchoolResponseSuccessMock.swift */ = {isa = PBXFileReference; lastKnownFileType = sourcecode.swift; path = NetworkingManagerSchoolResponseSuccessMock.swift; sourceTree = "<group>"; };
		D3095FFD2AD9BB4B0055FA9E /* ReadMe.md */ = {isa = PBXFileReference; lastKnownFileType = net.daringfireball.markdown; path = ReadMe.md; sourceTree = "<group>"; };
		D355C65C2AD9A05B0023223B /* 20231013-dineshvenkatpatcharu-NYCSchools.app */ = {isa = PBXFileReference; explicitFileType = wrapper.application; includeInIndex = 0; path = "20231013-dineshvenkatpatcharu-NYCSchools.app"; sourceTree = BUILT_PRODUCTS_DIR; };
		D355C65F2AD9A05B0023223B /* _0231013_dineshvenkatpatcharu_NYCSchoolsApp.swift */ = {isa = PBXFileReference; lastKnownFileType = sourcecode.swift; path = _0231013_dineshvenkatpatcharu_NYCSchoolsApp.swift; sourceTree = "<group>"; };
		D355C6632AD9A0610023223B /* Assets.xcassets */ = {isa = PBXFileReference; lastKnownFileType = folder.assetcatalog; path = Assets.xcassets; sourceTree = "<group>"; };
		D355C6662AD9A0610023223B /* Preview Assets.xcassets */ = {isa = PBXFileReference; lastKnownFileType = folder.assetcatalog; path = "Preview Assets.xcassets"; sourceTree = "<group>"; };
		D355C6682AD9A0610023223B /* Persistence.swift */ = {isa = PBXFileReference; lastKnownFileType = sourcecode.swift; path = Persistence.swift; sourceTree = "<group>"; };
		D355C66B2AD9A0610023223B /* _0231013_dineshvenkatpatcharu_NYCSchools.xcdatamodel */ = {isa = PBXFileReference; lastKnownFileType = wrapper.xcdatamodel; path = _0231013_dineshvenkatpatcharu_NYCSchools.xcdatamodel; sourceTree = "<group>"; };
		D355C6712AD9A0620023223B /* 20231013-dineshvenkatpatcharu-NYCSchoolsTests.xctest */ = {isa = PBXFileReference; explicitFileType = wrapper.cfbundle; includeInIndex = 0; path = "20231013-dineshvenkatpatcharu-NYCSchoolsTests.xctest"; sourceTree = BUILT_PRODUCTS_DIR; };
		D355C6752AD9A0620023223B /* _0231013_dineshvenkatpatcharu_NYCSchoolsTests.swift */ = {isa = PBXFileReference; lastKnownFileType = sourcecode.swift; path = _0231013_dineshvenkatpatcharu_NYCSchoolsTests.swift; sourceTree = "<group>"; };
		D355C67B2AD9A0620023223B /* 20231013-dineshvenkatpatcharu-NYCSchoolsUITests.xctest */ = {isa = PBXFileReference; explicitFileType = wrapper.cfbundle; includeInIndex = 0; path = "20231013-dineshvenkatpatcharu-NYCSchoolsUITests.xctest"; sourceTree = BUILT_PRODUCTS_DIR; };
		D355C67F2AD9A0620023223B /* _0231013_dineshvenkatpatcharu_NYCSchoolsUITests.swift */ = {isa = PBXFileReference; lastKnownFileType = sourcecode.swift; path = _0231013_dineshvenkatpatcharu_NYCSchoolsUITests.swift; sourceTree = "<group>"; };
		D355C6812AD9A0620023223B /* _0231013_dineshvenkatpatcharu_NYCSchoolsUITestsLaunchTests.swift */ = {isa = PBXFileReference; lastKnownFileType = sourcecode.swift; path = _0231013_dineshvenkatpatcharu_NYCSchoolsUITestsLaunchTests.swift; sourceTree = "<group>"; };
		D355C6922AD9A2DD0023223B /* SchoolListScreen.swift */ = {isa = PBXFileReference; lastKnownFileType = sourcecode.swift; path = SchoolListScreen.swift; sourceTree = "<group>"; };
		D355C6942AD9A4050023223B /* SchoolListItem.swift */ = {isa = PBXFileReference; lastKnownFileType = sourcecode.swift; path = SchoolListItem.swift; sourceTree = "<group>"; };
		D355C6972AD9A44C0023223B /* School.swift */ = {isa = PBXFileReference; lastKnownFileType = sourcecode.swift; path = School.swift; sourceTree = "<group>"; };
		D355C6992AD9A4B80023223B /* SchoolDetailScreen.swift */ = {isa = PBXFileReference; lastKnownFileType = sourcecode.swift; path = SchoolDetailScreen.swift; sourceTree = "<group>"; };
		D355C69B2AD9A5550023223B /* VerticalLabeledContentStyle.swift */ = {isa = PBXFileReference; lastKnownFileType = sourcecode.swift; path = VerticalLabeledContentStyle.swift; sourceTree = "<group>"; };
		D355C69D2AD9A5980023223B /* Statistic.swift */ = {isa = PBXFileReference; lastKnownFileType = sourcecode.swift; path = Statistic.swift; sourceTree = "<group>"; };
		D355C69F2AD9A5E20023223B /* ScoreChart.swift */ = {isa = PBXFileReference; lastKnownFileType = sourcecode.swift; path = ScoreChart.swift; sourceTree = "<group>"; };
		D355C6A12AD9A63A0023223B /* TestResults.swift */ = {isa = PBXFileReference; lastKnownFileType = sourcecode.swift; path = TestResults.swift; sourceTree = "<group>"; };
		D355C6A32AD9A6A00023223B /* NetworkingManager.swift */ = {isa = PBXFileReference; lastKnownFileType = sourcecode.swift; path = NetworkingManager.swift; sourceTree = "<group>"; };
		D355C6A52AD9A6E60023223B /* SchoolListViewModel.swift */ = {isa = PBXFileReference; lastKnownFileType = sourcecode.swift; path = SchoolListViewModel.swift; sourceTree = "<group>"; };
		D355C6A72AD9A7550023223B /* Extensions.swift */ = {isa = PBXFileReference; lastKnownFileType = sourcecode.swift; path = Extensions.swift; sourceTree = "<group>"; };
		D355C6A92AD9A7D30023223B /* School+SampleJSON.swift */ = {isa = PBXFileReference; lastKnownFileType = sourcecode.swift; path = "School+SampleJSON.swift"; sourceTree = "<group>"; };
		D355C6AE2AD9AD370023223B /* SchoolsStaticData.json */ = {isa = PBXFileReference; fileEncoding = 4; lastKnownFileType = text.json; path = SchoolsStaticData.json; sourceTree = "<group>"; };
		D355C6AF2AD9AD370023223B /* ScoresStaticData.json */ = {isa = PBXFileReference; fileEncoding = 4; lastKnownFileType = text.json; path = ScoresStaticData.json; sourceTree = "<group>"; };
/* End PBXFileReference section */

/* Begin PBXFrameworksBuildPhase section */
		D355C6592AD9A05B0023223B /* Frameworks */ = {
			isa = PBXFrameworksBuildPhase;
			buildActionMask = 2147483647;
			files = (
			);
			runOnlyForDeploymentPostprocessing = 0;
		};
		D355C66E2AD9A0620023223B /* Frameworks */ = {
			isa = PBXFrameworksBuildPhase;
			buildActionMask = 2147483647;
			files = (
			);
			runOnlyForDeploymentPostprocessing = 0;
		};
		D355C6782AD9A0620023223B /* Frameworks */ = {
			isa = PBXFrameworksBuildPhase;
			buildActionMask = 2147483647;
			files = (
			);
			runOnlyForDeploymentPostprocessing = 0;
		};
/* End PBXFrameworksBuildPhase section */

/* Begin PBXGroup section */
		D355C6532AD9A05B0023223B = {
			isa = PBXGroup;
			children = (
				D3095FFD2AD9BB4B0055FA9E /* ReadMe.md */,
				D355C65E2AD9A05B0023223B /* 20231013-dineshvenkatpatcharu-NYCSchools */,
				D355C6742AD9A0620023223B /* 20231013-dineshvenkatpatcharu-NYCSchoolsTests */,
				D355C67E2AD9A0620023223B /* 20231013-dineshvenkatpatcharu-NYCSchoolsUITests */,
				D355C65D2AD9A05B0023223B /* Products */,
			);
			sourceTree = "<group>";
		};
		D355C65D2AD9A05B0023223B /* Products */ = {
			isa = PBXGroup;
			children = (
				D355C65C2AD9A05B0023223B /* 20231013-dineshvenkatpatcharu-NYCSchools.app */,
				D355C6712AD9A0620023223B /* 20231013-dineshvenkatpatcharu-NYCSchoolsTests.xctest */,
				D355C67B2AD9A0620023223B /* 20231013-dineshvenkatpatcharu-NYCSchoolsUITests.xctest */,
			);
			name = Products;
			sourceTree = "<group>";
		};
		D355C65E2AD9A05B0023223B /* 20231013-dineshvenkatpatcharu-NYCSchools */ = {
			isa = PBXGroup;
			children = (
				D355C6AD2AD9ACC20023223B /* Resources */,
				D355C6962AD9A4320023223B /* Model */,
				D355C68E2AD9A25C0023223B /* Views */,
				D355C65F2AD9A05B0023223B /* _0231013_dineshvenkatpatcharu_NYCSchoolsApp.swift */,
				D355C6632AD9A0610023223B /* Assets.xcassets */,
				D355C6682AD9A0610023223B /* Persistence.swift */,
				D355C66A2AD9A0610023223B /* _0231013_dineshvenkatpatcharu_NYCSchools.xcdatamodeld */,
				D355C6652AD9A0610023223B /* Preview Content */,
				D355C6A32AD9A6A00023223B /* NetworkingManager.swift */,
				D355C6A52AD9A6E60023223B /* SchoolListViewModel.swift */,
				D355C6A72AD9A7550023223B /* Extensions.swift */,
			);
			path = "20231013-dineshvenkatpatcharu-NYCSchools";
			sourceTree = "<group>";
		};
		D355C6652AD9A0610023223B /* Preview Content */ = {
			isa = PBXGroup;
			children = (
				D355C6662AD9A0610023223B /* Preview Assets.xcassets */,
			);
			path = "Preview Content";
			sourceTree = "<group>";
		};
		D355C6742AD9A0620023223B /* 20231013-dineshvenkatpatcharu-NYCSchoolsTests */ = {
			isa = PBXGroup;
			children = (
				D355C6752AD9A0620023223B /* _0231013_dineshvenkatpatcharu_NYCSchoolsTests.swift */,
				D3095FF52AD9B8AC0055FA9E /* NetworkingManagerTests.swift */,
				D3095FF72AD9B95C0055FA9E /* MockURLSessionProtocol.swift */,
				D3095FF92AD9B9B70055FA9E /* SchoolListViewModelSuccessTests.swift */,
				D3095FFB2AD9BA170055FA9E /* NetworkingManagerSchoolResponseSuccessMock.swift */,
			);
			path = "20231013-dineshvenkatpatcharu-NYCSchoolsTests";
			sourceTree = "<group>";
		};
		D355C67E2AD9A0620023223B /* 20231013-dineshvenkatpatcharu-NYCSchoolsUITests */ = {
			isa = PBXGroup;
			children = (
				D355C67F2AD9A0620023223B /* _0231013_dineshvenkatpatcharu_NYCSchoolsUITests.swift */,
				D355C6812AD9A0620023223B /* _0231013_dineshvenkatpatcharu_NYCSchoolsUITestsLaunchTests.swift */,
			);
			path = "20231013-dineshvenkatpatcharu-NYCSchoolsUITests";
			sourceTree = "<group>";
		};
		D355C68E2AD9A25C0023223B /* Views */ = {
			isa = PBXGroup;
			children = (
				D355C6922AD9A2DD0023223B /* SchoolListScreen.swift */,
				D355C6942AD9A4050023223B /* SchoolListItem.swift */,
				D355C6992AD9A4B80023223B /* SchoolDetailScreen.swift */,
				D355C69B2AD9A5550023223B /* VerticalLabeledContentStyle.swift */,
				D355C69D2AD9A5980023223B /* Statistic.swift */,
				D355C69F2AD9A5E20023223B /* ScoreChart.swift */,
			);
			path = Views;
			sourceTree = "<group>";
		};
		D355C6962AD9A4320023223B /* Model */ = {
			isa = PBXGroup;
			children = (
				D355C6972AD9A44C0023223B /* School.swift */,
				D355C6A12AD9A63A0023223B /* TestResults.swift */,
				D355C6A92AD9A7D30023223B /* School+SampleJSON.swift */,
			);
			path = Model;
			sourceTree = "<group>";
		};
		D355C6AD2AD9ACC20023223B /* Resources */ = {
			isa = PBXGroup;
			children = (
				D355C6AE2AD9AD370023223B /* SchoolsStaticData.json */,
				D355C6AF2AD9AD370023223B /* ScoresStaticData.json */,
			);
			path = Resources;
			sourceTree = "<group>";
		};
/* End PBXGroup section */

/* Begin PBXNativeTarget section */
		D355C65B2AD9A05B0023223B /* 20231013-dineshvenkatpatcharu-NYCSchools */ = {
			isa = PBXNativeTarget;
			buildConfigurationList = D355C6852AD9A0620023223B /* Build configuration list for PBXNativeTarget "20231013-dineshvenkatpatcharu-NYCSchools" */;
			buildPhases = (
				D355C6582AD9A05B0023223B /* Sources */,
				D355C6592AD9A05B0023223B /* Frameworks */,
				D355C65A2AD9A05B0023223B /* Resources */,
			);
			buildRules = (
			);
			dependencies = (
			);
			name = "20231013-dineshvenkatpatcharu-NYCSchools";
			productName = "20231013-dineshvenkatpatcharu-NYCSchools";
			productReference = D355C65C2AD9A05B0023223B /* 20231013-dineshvenkatpatcharu-NYCSchools.app */;
			productType = "com.apple.product-type.application";
		};
		D355C6702AD9A0620023223B /* 20231013-dineshvenkatpatcharu-NYCSchoolsTests */ = {
			isa = PBXNativeTarget;
			buildConfigurationList = D355C6882AD9A0620023223B /* Build configuration list for PBXNativeTarget "20231013-dineshvenkatpatcharu-NYCSchoolsTests" */;
			buildPhases = (
				D355C66D2AD9A0620023223B /* Sources */,
				D355C66E2AD9A0620023223B /* Frameworks */,
				D355C66F2AD9A0620023223B /* Resources */,
			);
			buildRules = (
			);
			dependencies = (
				D355C6732AD9A0620023223B /* PBXTargetDependency */,
			);
			name = "20231013-dineshvenkatpatcharu-NYCSchoolsTests";
			productName = "20231013-dineshvenkatpatcharu-NYCSchoolsTests";
			productReference = D355C6712AD9A0620023223B /* 20231013-dineshvenkatpatcharu-NYCSchoolsTests.xctest */;
			productType = "com.apple.product-type.bundle.unit-test";
		};
		D355C67A2AD9A0620023223B /* 20231013-dineshvenkatpatcharu-NYCSchoolsUITests */ = {
			isa = PBXNativeTarget;
			buildConfigurationList = D355C68B2AD9A0620023223B /* Build configuration list for PBXNativeTarget "20231013-dineshvenkatpatcharu-NYCSchoolsUITests" */;
			buildPhases = (
				D355C6772AD9A0620023223B /* Sources */,
				D355C6782AD9A0620023223B /* Frameworks */,
				D355C6792AD9A0620023223B /* Resources */,
			);
			buildRules = (
			);
			dependencies = (
				D355C67D2AD9A0620023223B /* PBXTargetDependency */,
			);
			name = "20231013-dineshvenkatpatcharu-NYCSchoolsUITests";
			productName = "20231013-dineshvenkatpatcharu-NYCSchoolsUITests";
			productReference = D355C67B2AD9A0620023223B /* 20231013-dineshvenkatpatcharu-NYCSchoolsUITests.xctest */;
			productType = "com.apple.product-type.bundle.ui-testing";
		};
/* End PBXNativeTarget section */

/* Begin PBXProject section */
		D355C6542AD9A05B0023223B /* Project object */ = {
			isa = PBXProject;
			attributes = {
				BuildIndependentTargetsInParallel = 1;
				LastSwiftUpdateCheck = 1430;
				LastUpgradeCheck = 1430;
				TargetAttributes = {
					D355C65B2AD9A05B0023223B = {
						CreatedOnToolsVersion = 14.3.1;
					};
					D355C6702AD9A0620023223B = {
						CreatedOnToolsVersion = 14.3.1;
						TestTargetID = D355C65B2AD9A05B0023223B;
					};
					D355C67A2AD9A0620023223B = {
						CreatedOnToolsVersion = 14.3.1;
						TestTargetID = D355C65B2AD9A05B0023223B;
					};
				};
			};
			buildConfigurationList = D355C6572AD9A05B0023223B /* Build configuration list for PBXProject "20231013-dineshvenkatpatcharu-NYCSchools" */;
			compatibilityVersion = "Xcode 14.0";
			developmentRegion = en;
			hasScannedForEncodings = 0;
			knownRegions = (
				en,
				Base,
			);
			mainGroup = D355C6532AD9A05B0023223B;
			productRefGroup = D355C65D2AD9A05B0023223B /* Products */;
			projectDirPath = "";
			projectRoot = "";
			targets = (
				D355C65B2AD9A05B0023223B /* 20231013-dineshvenkatpatcharu-NYCSchools */,
				D355C6702AD9A0620023223B /* 20231013-dineshvenkatpatcharu-NYCSchoolsTests */,
				D355C67A2AD9A0620023223B /* 20231013-dineshvenkatpatcharu-NYCSchoolsUITests */,
			);
		};
/* End PBXProject section */

/* Begin PBXResourcesBuildPhase section */
		D355C65A2AD9A05B0023223B /* Resources */ = {
			isa = PBXResourcesBuildPhase;
			buildActionMask = 2147483647;
			files = (
				D355C6B02AD9AD370023223B /* SchoolsStaticData.json in Resources */,
				D355C6672AD9A0610023223B /* Preview Assets.xcassets in Resources */,
				D355C6B12AD9AD370023223B /* ScoresStaticData.json in Resources */,
				D355C6642AD9A0610023223B /* Assets.xcassets in Resources */,
			);
			runOnlyForDeploymentPostprocessing = 0;
		};
		D355C66F2AD9A0620023223B /* Resources */ = {
			isa = PBXResourcesBuildPhase;
			buildActionMask = 2147483647;
			files = (
			);
			runOnlyForDeploymentPostprocessing = 0;
		};
		D355C6792AD9A0620023223B /* Resources */ = {
			isa = PBXResourcesBuildPhase;
			buildActionMask = 2147483647;
			files = (
			);
			runOnlyForDeploymentPostprocessing = 0;
		};
/* End PBXResourcesBuildPhase section */

/* Begin PBXSourcesBuildPhase section */
		D355C6582AD9A05B0023223B /* Sources */ = {
			isa = PBXSourcesBuildPhase;
			buildActionMask = 2147483647;
			files = (
				D355C69C2AD9A5550023223B /* VerticalLabeledContentStyle.swift in Sources */,
				D355C6AA2AD9A7D30023223B /* School+SampleJSON.swift in Sources */,
				D355C6982AD9A44C0023223B /* School.swift in Sources */,
				D355C6A62AD9A6E60023223B /* SchoolListViewModel.swift in Sources */,
				D355C6692AD9A0610023223B /* Persistence.swift in Sources */,
				D355C66C2AD9A0610023223B /* _0231013_dineshvenkatpatcharu_NYCSchools.xcdatamodeld in Sources */,
				D355C6602AD9A05B0023223B /* _0231013_dineshvenkatpatcharu_NYCSchoolsApp.swift in Sources */,
				D355C6A22AD9A63A0023223B /* TestResults.swift in Sources */,
				D355C6952AD9A4050023223B /* SchoolListItem.swift in Sources */,
				D355C6A42AD9A6A00023223B /* NetworkingManager.swift in Sources */,
				D355C6A82AD9A7550023223B /* Extensions.swift in Sources */,
				D355C69A2AD9A4B80023223B /* SchoolDetailScreen.swift in Sources */,
				D355C69E2AD9A5980023223B /* Statistic.swift in Sources */,
				D355C6932AD9A2DD0023223B /* SchoolListScreen.swift in Sources */,
				D355C6A02AD9A5E20023223B /* ScoreChart.swift in Sources */,
			);
			runOnlyForDeploymentPostprocessing = 0;
		};
		D355C66D2AD9A0620023223B /* Sources */ = {
			isa = PBXSourcesBuildPhase;
			buildActionMask = 2147483647;
			files = (
				D3095FFA2AD9B9B70055FA9E /* SchoolListViewModelSuccessTests.swift in Sources */,
				D355C6762AD9A0620023223B /* _0231013_dineshvenkatpatcharu_NYCSchoolsTests.swift in Sources */,
				D3095FF62AD9B8AD0055FA9E /* NetworkingManagerTests.swift in Sources */,
				D3095FFC2AD9BA180055FA9E /* NetworkingManagerSchoolResponseSuccessMock.swift in Sources */,
				D3095FF82AD9B95C0055FA9E /* MockURLSessionProtocol.swift in Sources */,
			);
			runOnlyForDeploymentPostprocessing = 0;
		};
		D355C6772AD9A0620023223B /* Sources */ = {
			isa = PBXSourcesBuildPhase;
			buildActionMask = 2147483647;
			files = (
				D355C6822AD9A0620023223B /* _0231013_dineshvenkatpatcharu_NYCSchoolsUITestsLaunchTests.swift in Sources */,
				D355C6802AD9A0620023223B /* _0231013_dineshvenkatpatcharu_NYCSchoolsUITests.swift in Sources */,
			);
			runOnlyForDeploymentPostprocessing = 0;
		};
/* End PBXSourcesBuildPhase section */

/* Begin PBXTargetDependency section */
		D355C6732AD9A0620023223B /* PBXTargetDependency */ = {
			isa = PBXTargetDependency;
			target = D355C65B2AD9A05B0023223B /* 20231013-dineshvenkatpatcharu-NYCSchools */;
			targetProxy = D355C6722AD9A0620023223B /* PBXContainerItemProxy */;
		};
		D355C67D2AD9A0620023223B /* PBXTargetDependency */ = {
			isa = PBXTargetDependency;
			target = D355C65B2AD9A05B0023223B /* 20231013-dineshvenkatpatcharu-NYCSchools */;
			targetProxy = D355C67C2AD9A0620023223B /* PBXContainerItemProxy */;
		};
/* End PBXTargetDependency section */

/* Begin XCBuildConfiguration section */
		D355C6832AD9A0620023223B /* Debug */ = {
			isa = XCBuildConfiguration;
			buildSettings = {
				ALWAYS_SEARCH_USER_PATHS = NO;
				CLANG_ANALYZER_NONNULL = YES;
				CLANG_ANALYZER_NUMBER_OBJECT_CONVERSION = YES_AGGRESSIVE;
				CLANG_CXX_LANGUAGE_STANDARD = "gnu++20";
				CLANG_ENABLE_MODULES = YES;
				CLANG_ENABLE_OBJC_ARC = YES;
				CLANG_ENABLE_OBJC_WEAK = YES;
				CLANG_WARN_BLOCK_CAPTURE_AUTORELEASING = YES;
				CLANG_WARN_BOOL_CONVERSION = YES;
				CLANG_WARN_COMMA = YES;
				CLANG_WARN_CONSTANT_CONVERSION = YES;
				CLANG_WARN_DEPRECATED_OBJC_IMPLEMENTATIONS = YES;
				CLANG_WARN_DIRECT_OBJC_ISA_USAGE = YES_ERROR;
				CLANG_WARN_DOCUMENTATION_COMMENTS = YES;
				CLANG_WARN_EMPTY_BODY = YES;
				CLANG_WARN_ENUM_CONVERSION = YES;
				CLANG_WARN_INFINITE_RECURSION = YES;
				CLANG_WARN_INT_CONVERSION = YES;
				CLANG_WARN_NON_LITERAL_NULL_CONVERSION = YES;
				CLANG_WARN_OBJC_IMPLICIT_RETAIN_SELF = YES;
				CLANG_WARN_OBJC_LITERAL_CONVERSION = YES;
				CLANG_WARN_OBJC_ROOT_CLASS = YES_ERROR;
				CLANG_WARN_QUOTED_INCLUDE_IN_FRAMEWORK_HEADER = YES;
				CLANG_WARN_RANGE_LOOP_ANALYSIS = YES;
				CLANG_WARN_STRICT_PROTOTYPES = YES;
				CLANG_WARN_SUSPICIOUS_MOVE = YES;
				CLANG_WARN_UNGUARDED_AVAILABILITY = YES_AGGRESSIVE;
				CLANG_WARN_UNREACHABLE_CODE = YES;
				CLANG_WARN__DUPLICATE_METHOD_MATCH = YES;
				COPY_PHASE_STRIP = NO;
				DEBUG_INFORMATION_FORMAT = dwarf;
				ENABLE_STRICT_OBJC_MSGSEND = YES;
				ENABLE_TESTABILITY = YES;
				GCC_C_LANGUAGE_STANDARD = gnu11;
				GCC_DYNAMIC_NO_PIC = NO;
				GCC_NO_COMMON_BLOCKS = YES;
				GCC_OPTIMIZATION_LEVEL = 0;
				GCC_PREPROCESSOR_DEFINITIONS = (
					"DEBUG=1",
					"$(inherited)",
				);
				GCC_WARN_64_TO_32_BIT_CONVERSION = YES;
				GCC_WARN_ABOUT_RETURN_TYPE = YES_ERROR;
				GCC_WARN_UNDECLARED_SELECTOR = YES;
				GCC_WARN_UNINITIALIZED_AUTOS = YES_AGGRESSIVE;
				GCC_WARN_UNUSED_FUNCTION = YES;
				GCC_WARN_UNUSED_VARIABLE = YES;
				IPHONEOS_DEPLOYMENT_TARGET = 16.4;
				MTL_ENABLE_DEBUG_INFO = INCLUDE_SOURCE;
				MTL_FAST_MATH = YES;
				ONLY_ACTIVE_ARCH = YES;
				SDKROOT = iphoneos;
				SWIFT_ACTIVE_COMPILATION_CONDITIONS = DEBUG;
				SWIFT_OPTIMIZATION_LEVEL = "-Onone";
			};
			name = Debug;
		};
		D355C6842AD9A0620023223B /* Release */ = {
			isa = XCBuildConfiguration;
			buildSettings = {
				ALWAYS_SEARCH_USER_PATHS = NO;
				CLANG_ANALYZER_NONNULL = YES;
				CLANG_ANALYZER_NUMBER_OBJECT_CONVERSION = YES_AGGRESSIVE;
				CLANG_CXX_LANGUAGE_STANDARD = "gnu++20";
				CLANG_ENABLE_MODULES = YES;
				CLANG_ENABLE_OBJC_ARC = YES;
				CLANG_ENABLE_OBJC_WEAK = YES;
				CLANG_WARN_BLOCK_CAPTURE_AUTORELEASING = YES;
				CLANG_WARN_BOOL_CONVERSION = YES;
				CLANG_WARN_COMMA = YES;
				CLANG_WARN_CONSTANT_CONVERSION = YES;
				CLANG_WARN_DEPRECATED_OBJC_IMPLEMENTATIONS = YES;
				CLANG_WARN_DIRECT_OBJC_ISA_USAGE = YES_ERROR;
				CLANG_WARN_DOCUMENTATION_COMMENTS = YES;
				CLANG_WARN_EMPTY_BODY = YES;
				CLANG_WARN_ENUM_CONVERSION = YES;
				CLANG_WARN_INFINITE_RECURSION = YES;
				CLANG_WARN_INT_CONVERSION = YES;
				CLANG_WARN_NON_LITERAL_NULL_CONVERSION = YES;
				CLANG_WARN_OBJC_IMPLICIT_RETAIN_SELF = YES;
				CLANG_WARN_OBJC_LITERAL_CONVERSION = YES;
				CLANG_WARN_OBJC_ROOT_CLASS = YES_ERROR;
				CLANG_WARN_QUOTED_INCLUDE_IN_FRAMEWORK_HEADER = YES;
				CLANG_WARN_RANGE_LOOP_ANALYSIS = YES;
				CLANG_WARN_STRICT_PROTOTYPES = YES;
				CLANG_WARN_SUSPICIOUS_MOVE = YES;
				CLANG_WARN_UNGUARDED_AVAILABILITY = YES_AGGRESSIVE;
				CLANG_WARN_UNREACHABLE_CODE = YES;
				CLANG_WARN__DUPLICATE_METHOD_MATCH = YES;
				COPY_PHASE_STRIP = NO;
				DEBUG_INFORMATION_FORMAT = "dwarf-with-dsym";
				ENABLE_NS_ASSERTIONS = NO;
				ENABLE_STRICT_OBJC_MSGSEND = YES;
				GCC_C_LANGUAGE_STANDARD = gnu11;
				GCC_NO_COMMON_BLOCKS = YES;
				GCC_WARN_64_TO_32_BIT_CONVERSION = YES;
				GCC_WARN_ABOUT_RETURN_TYPE = YES_ERROR;
				GCC_WARN_UNDECLARED_SELECTOR = YES;
				GCC_WARN_UNINITIALIZED_AUTOS = YES_AGGRESSIVE;
				GCC_WARN_UNUSED_FUNCTION = YES;
				GCC_WARN_UNUSED_VARIABLE = YES;
				IPHONEOS_DEPLOYMENT_TARGET = 16.4;
				MTL_ENABLE_DEBUG_INFO = NO;
				MTL_FAST_MATH = YES;
				SDKROOT = iphoneos;
				SWIFT_COMPILATION_MODE = wholemodule;
				SWIFT_OPTIMIZATION_LEVEL = "-O";
				VALIDATE_PRODUCT = YES;
			};
			name = Release;
		};
		D355C6862AD9A0620023223B /* Debug */ = {
			isa = XCBuildConfiguration;
			buildSettings = {
				ASSETCATALOG_COMPILER_APPICON_NAME = AppIcon;
				ASSETCATALOG_COMPILER_GLOBAL_ACCENT_COLOR_NAME = AccentColor;
				ASSETCATALOG_COMPILER_INCLUDE_ALL_APPICON_ASSETS = YES;
				CODE_SIGN_STYLE = Automatic;
				CURRENT_PROJECT_VERSION = 1;
				DEVELOPMENT_ASSET_PATHS = "\"20231013-dineshvenkatpatcharu-NYCSchools/Preview Content\"";
				ENABLE_PREVIEWS = YES;
				GENERATE_INFOPLIST_FILE = YES;
				INFOPLIST_KEY_UIApplicationSceneManifest_Generation = YES;
				INFOPLIST_KEY_UIApplicationSupportsIndirectInputEvents = YES;
				INFOPLIST_KEY_UILaunchScreen_Generation = YES;
				INFOPLIST_KEY_UISupportedInterfaceOrientations_iPad = "UIInterfaceOrientationPortrait UIInterfaceOrientationPortraitUpsideDown UIInterfaceOrientationLandscapeLeft UIInterfaceOrientationLandscapeRight";
				INFOPLIST_KEY_UISupportedInterfaceOrientations_iPhone = "UIInterfaceOrientationPortrait UIInterfaceOrientationLandscapeLeft UIInterfaceOrientationLandscapeRight";
				LD_RUNPATH_SEARCH_PATHS = (
					"$(inherited)",
					"@executable_path/Frameworks",
				);
				MARKETING_VERSION = 1.0;
				PRODUCT_BUNDLE_IDENTIFIER = "com.20231013-dineshvenkatpatcharu-NYCSchools.-0231013-dineshvenkatpatcharu-NYCSchools";
				PRODUCT_NAME = "$(TARGET_NAME)";
				SWIFT_EMIT_LOC_STRINGS = YES;
				SWIFT_VERSION = 5.0;
				TARGETED_DEVICE_FAMILY = "1,2";
			};
			name = Debug;
		};
		D355C6872AD9A0620023223B /* Release */ = {
			isa = XCBuildConfiguration;
			buildSettings = {
				ASSETCATALOG_COMPILER_APPICON_NAME = AppIcon;
				ASSETCATALOG_COMPILER_GLOBAL_ACCENT_COLOR_NAME = AccentColor;
				ASSETCATALOG_COMPILER_INCLUDE_ALL_APPICON_ASSETS = YES;
				CODE_SIGN_STYLE = Automatic;
				CURRENT_PROJECT_VERSION = 1;
				DEVELOPMENT_ASSET_PATHS = "\"20231013-dineshvenkatpatcharu-NYCSchools/Preview Content\"";
				ENABLE_PREVIEWS = YES;
				GENERATE_INFOPLIST_FILE = YES;
				INFOPLIST_KEY_UIApplicationSceneManifest_Generation = YES;
				INFOPLIST_KEY_UIApplicationSupportsIndirectInputEvents = YES;
				INFOPLIST_KEY_UILaunchScreen_Generation = YES;
				INFOPLIST_KEY_UISupportedInterfaceOrientations_iPad = "UIInterfaceOrientationPortrait UIInterfaceOrientationPortraitUpsideDown UIInterfaceOrientationLandscapeLeft UIInterfaceOrientationLandscapeRight";
				INFOPLIST_KEY_UISupportedInterfaceOrientations_iPhone = "UIInterfaceOrientationPortrait UIInterfaceOrientationLandscapeLeft UIInterfaceOrientationLandscapeRight";
				LD_RUNPATH_SEARCH_PATHS = (
					"$(inherited)",
					"@executable_path/Frameworks",
				);
				MARKETING_VERSION = 1.0;
				PRODUCT_BUNDLE_IDENTIFIER = "com.20231013-dineshvenkatpatcharu-NYCSchools.-0231013-dineshvenkatpatcharu-NYCSchools";
				PRODUCT_NAME = "$(TARGET_NAME)";
				SWIFT_EMIT_LOC_STRINGS = YES;
				SWIFT_VERSION = 5.0;
				TARGETED_DEVICE_FAMILY = "1,2";
			};
			name = Release;
		};
		D355C6892AD9A0620023223B /* Debug */ = {
			isa = XCBuildConfiguration;
			buildSettings = {
				ALWAYS_EMBED_SWIFT_STANDARD_LIBRARIES = YES;
				BUNDLE_LOADER = "$(TEST_HOST)";
				CODE_SIGN_STYLE = Automatic;
				CURRENT_PROJECT_VERSION = 1;
				GENERATE_INFOPLIST_FILE = YES;
				IPHONEOS_DEPLOYMENT_TARGET = 16.4;
				MARKETING_VERSION = 1.0;
				PRODUCT_BUNDLE_IDENTIFIER = "com.20231013-dineshvenkatpatcharu-NYCSchools.-0231013-dineshvenkatpatcharu-NYCSchoolsTests";
				PRODUCT_NAME = "$(TARGET_NAME)";
				SWIFT_EMIT_LOC_STRINGS = NO;
				SWIFT_VERSION = 5.0;
				TARGETED_DEVICE_FAMILY = "1,2";
				TEST_HOST = "$(BUILT_PRODUCTS_DIR)/20231013-dineshvenkatpatcharu-NYCSchools.app/$(BUNDLE_EXECUTABLE_FOLDER_PATH)/20231013-dineshvenkatpatcharu-NYCSchools";
			};
			name = Debug;
		};
		D355C68A2AD9A0620023223B /* Release */ = {
			isa = XCBuildConfiguration;
			buildSettings = {
				ALWAYS_EMBED_SWIFT_STANDARD_LIBRARIES = YES;
				BUNDLE_LOADER = "$(TEST_HOST)";
				CODE_SIGN_STYLE = Automatic;
				CURRENT_PROJECT_VERSION = 1;
				GENERATE_INFOPLIST_FILE = YES;
				IPHONEOS_DEPLOYMENT_TARGET = 16.4;
				MARKETING_VERSION = 1.0;
				PRODUCT_BUNDLE_IDENTIFIER = "com.20231013-dineshvenkatpatcharu-NYCSchools.-0231013-dineshvenkatpatcharu-NYCSchoolsTests";
				PRODUCT_NAME = "$(TARGET_NAME)";
				SWIFT_EMIT_LOC_STRINGS = NO;
				SWIFT_VERSION = 5.0;
				TARGETED_DEVICE_FAMILY = "1,2";
				TEST_HOST = "$(BUILT_PRODUCTS_DIR)/20231013-dineshvenkatpatcharu-NYCSchools.app/$(BUNDLE_EXECUTABLE_FOLDER_PATH)/20231013-dineshvenkatpatcharu-NYCSchools";
			};
			name = Release;
		};
		D355C68C2AD9A0620023223B /* Debug */ = {
			isa = XCBuildConfiguration;
			buildSettings = {
				ALWAYS_EMBED_SWIFT_STANDARD_LIBRARIES = YES;
				CODE_SIGN_STYLE = Automatic;
				CURRENT_PROJECT_VERSION = 1;
				GENERATE_INFOPLIST_FILE = YES;
				MARKETING_VERSION = 1.0;
				PRODUCT_BUNDLE_IDENTIFIER = "com.20231013-dineshvenkatpatcharu-NYCSchools.-0231013-dineshvenkatpatcharu-NYCSchoolsUITests";
				PRODUCT_NAME = "$(TARGET_NAME)";
				SWIFT_EMIT_LOC_STRINGS = NO;
				SWIFT_VERSION = 5.0;
				TARGETED_DEVICE_FAMILY = "1,2";
				TEST_TARGET_NAME = "20231013-dineshvenkatpatcharu-NYCSchools";
			};
			name = Debug;
		};
		D355C68D2AD9A0620023223B /* Release */ = {
			isa = XCBuildConfiguration;
			buildSettings = {
				ALWAYS_EMBED_SWIFT_STANDARD_LIBRARIES = YES;
				CODE_SIGN_STYLE = Automatic;
				CURRENT_PROJECT_VERSION = 1;
				GENERATE_INFOPLIST_FILE = YES;
				MARKETING_VERSION = 1.0;
				PRODUCT_BUNDLE_IDENTIFIER = "com.20231013-dineshvenkatpatcharu-NYCSchools.-0231013-dineshvenkatpatcharu-NYCSchoolsUITests";
				PRODUCT_NAME = "$(TARGET_NAME)";
				SWIFT_EMIT_LOC_STRINGS = NO;
				SWIFT_VERSION = 5.0;
				TARGETED_DEVICE_FAMILY = "1,2";
				TEST_TARGET_NAME = "20231013-dineshvenkatpatcharu-NYCSchools";
			};
			name = Release;
		};
/* End XCBuildConfiguration section */

/* Begin XCConfigurationList section */
		D355C6572AD9A05B0023223B /* Build configuration list for PBXProject "20231013-dineshvenkatpatcharu-NYCSchools" */ = {
			isa = XCConfigurationList;
			buildConfigurations = (
				D355C6832AD9A0620023223B /* Debug */,
				D355C6842AD9A0620023223B /* Release */,
			);
			defaultConfigurationIsVisible = 0;
			defaultConfigurationName = Release;
		};
		D355C6852AD9A0620023223B /* Build configuration list for PBXNativeTarget "20231013-dineshvenkatpatcharu-NYCSchools" */ = {
			isa = XCConfigurationList;
			buildConfigurations = (
				D355C6862AD9A0620023223B /* Debug */,
				D355C6872AD9A0620023223B /* Release */,
			);
			defaultConfigurationIsVisible = 0;
			defaultConfigurationName = Release;
		};
		D355C6882AD9A0620023223B /* Build configuration list for PBXNativeTarget "20231013-dineshvenkatpatcharu-NYCSchoolsTests" */ = {
			isa = XCConfigurationList;
			buildConfigurations = (
				D355C6892AD9A0620023223B /* Debug */,
				D355C68A2AD9A0620023223B /* Release */,
			);
			defaultConfigurationIsVisible = 0;
			defaultConfigurationName = Release;
		};
		D355C68B2AD9A0620023223B /* Build configuration list for PBXNativeTarget "20231013-dineshvenkatpatcharu-NYCSchoolsUITests" */ = {
			isa = XCConfigurationList;
			buildConfigurations = (
				D355C68C2AD9A0620023223B /* Debug */,
				D355C68D2AD9A0620023223B /* Release */,
			);
			defaultConfigurationIsVisible = 0;
			defaultConfigurationName = Release;
		};
/* End XCConfigurationList section */

/* Begin XCVersionGroup section */
		D355C66A2AD9A0610023223B /* _0231013_dineshvenkatpatcharu_NYCSchools.xcdatamodeld */ = {
			isa = XCVersionGroup;
			children = (
				D355C66B2AD9A0610023223B /* _0231013_dineshvenkatpatcharu_NYCSchools.xcdatamodel */,
			);
			currentVersion = D355C66B2AD9A0610023223B /* _0231013_dineshvenkatpatcharu_NYCSchools.xcdatamodel */;
			path = _0231013_dineshvenkatpatcharu_NYCSchools.xcdatamodeld;
			sourceTree = "<group>";
			versionGroupType = wrapper.xcdatamodel;
		};
/* End XCVersionGroup section */
	};
	rootObject = D355C6542AD9A05B0023223B /* Project object */;
}
